
Microsoft Visual Studio Solution File, Format Version 12.00
# Visual Studio Version 17
VisualStudioVersion = 17.3.32929.385
MinimumVisualStudioVersion = 10.0.40219.1
Project("{FAE04EC0-301F-11D3-BF4B-00C04F79EFBC}") = "DataService", "DataService\DataService.csproj", "{70B897FA-49B2-4035-8CC8-BC1FCB2E93F9}"
EndProject
Project("{FAE04EC0-301F-11D3-BF4B-00C04F79EFBC}") = "ShopModels", "ShopModels\ShopModels.csproj", "{24B18DCD-43D4-4E30-947B-E32431C7AFCD}"
EndProject
Project("{FAE04EC0-301F-11D3-BF4B-00C04F79EFBC}") = "ShopData", "ShopData\ShopData.csproj", "{BA2C3CDB-8410-49D6-8EE5-1F048F9C7A21}"
EndProject
Global
	GlobalSection(SolutionConfigurationPlatforms) = preSolution
		Debug|Any CPU = Debug|Any CPU
		Release|Any CPU = Release|Any CPU
	EndGlobalSection
	GlobalSection(ProjectConfigurationPlatforms) = postSolution
		{70B897FA-49B2-4035-8CC8-BC1FCB2E93F9}.Debug|Any CPU.ActiveCfg = Debug|Any CPU
		{70B897FA-49B2-4035-8CC8-BC1FCB2E93F9}.Debug|Any CPU.Build.0 = Debug|Any CPU
		{70B897FA-49B2-4035-8CC8-BC1FCB2E93F9}.Release|Any CPU.ActiveCfg = Release|Any CPU
		{70B897FA-49B2-4035-8CC8-BC1FCB2E93F9}.Release|Any CPU.Build.0 = Release|Any CPU
		{24B18DCD-43D4-4E30-947B-E32431C7AFCD}.Debug|Any CPU.ActiveCfg = Debug|Any CPU
		{24B18DCD-43D4-4E30-947B-E32431C7AFCD}.Debug|Any CPU.Build.0 = Debug|Any CPU
		{24B18DCD-43D4-4E30-947B-E32431C7AFCD}.Release|Any CPU.ActiveCfg = Release|Any CPU
		{24B18DCD-43D4-4E30-947B-E32431C7AFCD}.Release|Any CPU.Build.0 = Release|Any CPU
		{BA2C3CDB-8410-49D6-8EE5-1F048F9C7A21}.Debug|Any CPU.ActiveCfg = Debug|Any CPU
		{BA2C3CDB-8410-49D6-8EE5-1F048F9C7A21}.Debug|Any CPU.Build.0 = Debug|Any CPU
		{BA2C3CDB-8410-49D6-8EE5-1F048F9C7A21}.Release|Any CPU.ActiveCfg = Release|Any CPU
		{BA2C3CDB-8410-49D6-8EE5-1F048F9C7A21}.Release|Any CPU.Build.0 = Release|Any CPU
	EndGlobalSection
	GlobalSection(SolutionProperties) = preSolution
		HideSolutionNode = FALSE
	EndGlobalSection
	GlobalSection(ExtensibilityGlobals) = postSolution
		SolutionGuid = {9039B2F7-0812-4BC0-870E-115466ED8967}
	EndGlobalSection
EndGlobal
